// !$*UTF8*$!
{
	archiveVersion = 1;
	classes = {
	};
	objectVersion = 46;
	objects = {

/* Begin PBXBuildFile section */
		2C699F541BDA2CCB00071B9A /* GameViewController.swift in Sources */ = {isa = PBXBuildFile; fileRef = 2C699F531BDA2CCB00071B9A /* GameViewController.swift */; };
		2C91DC211BBE91160091E24F /* AppDelegate.swift in Sources */ = {isa = PBXBuildFile; fileRef = 2C91DC201BBE91160091E24F /* AppDelegate.swift */; };
		2C91DC231BBE91160091E24F /* ViewController.swift in Sources */ = {isa = PBXBuildFile; fileRef = 2C91DC221BBE91160091E24F /* ViewController.swift */; };
		2C91DC261BBE91160091E24F /* Main.storyboard in Resources */ = {isa = PBXBuildFile; fileRef = 2C91DC241BBE91160091E24F /* Main.storyboard */; };
		2C91DC281BBE91160091E24F /* Assets.xcassets in Resources */ = {isa = PBXBuildFile; fileRef = 2C91DC271BBE91160091E24F /* Assets.xcassets */; };
		2C91DC2B1BBE91160091E24F /* LaunchScreen.storyboard in Resources */ = {isa = PBXBuildFile; fileRef = 2C91DC291BBE91160091E24F /* LaunchScreen.storyboard */; };
		2C91DC361BBE91170091E24F /* hangmanTests.swift in Sources */ = {isa = PBXBuildFile; fileRef = 2C91DC351BBE91170091E24F /* hangmanTests.swift */; };
		2C91DC411BBE91170091E24F /* hangmanUITests.swift in Sources */ = {isa = PBXBuildFile; fileRef = 2C91DC401BBE91170091E24F /* hangmanUITests.swift */; };
		79791D01C94BC82F4F264139 /* Pods_hangman.framework in Frameworks */ = {isa = PBXBuildFile; fileRef = 48D710B7A6B352CF22DAC208 /* Pods_hangman.framework */; };
		B2A3D7261BDBE3F10050CE84 /* hangman.png in Resources */ = {isa = PBXBuildFile; fileRef = B2A3D7251BDBE3F10050CE84 /* hangman.png */; };
		D2236FE40ED45FC6BA664EAD /* Pods_hangmanTests.framework in Frameworks */ = {isa = PBXBuildFile; fileRef = DE554C38598388ACBD0426BC /* Pods_hangmanTests.framework */; };
		EF5E73CE38ADA0C52AC2A552 /* Pods_hangmanUITests.framework in Frameworks */ = {isa = PBXBuildFile; fileRef = 571AF1A6F60F2AC34D6B6C26 /* Pods_hangmanUITests.framework */; };
/* End PBXBuildFile section */

/* Begin PBXContainerItemProxy section */
		2C91DC321BBE91170091E24F /* PBXContainerItemProxy */ = {
			isa = PBXContainerItemProxy;
			containerPortal = 2C91DC151BBE91160091E24F /* Project object */;
			proxyType = 1;
			remoteGlobalIDString = 2C91DC1C1BBE91160091E24F;
			remoteInfo = hangman;
		};
		2C91DC3D1BBE91170091E24F /* PBXContainerItemProxy */ = {
			isa = PBXContainerItemProxy;
			containerPortal = 2C91DC151BBE91160091E24F /* Project object */;
			proxyType = 1;
			remoteGlobalIDString = 2C91DC1C1BBE91160091E24F;
			remoteInfo = hangman;
		};
/* End PBXContainerItemProxy section */

/* Begin PBXCopyFilesBuildPhase section */
		B2F2A5811BDBD34400D842A4 /* Embed Frameworks */ = {
			isa = PBXCopyFilesBuildPhase;
			buildActionMask = 2147483647;
			dstPath = "";
			dstSubfolderSpec = 10;
			files = (
			);
			name = "Embed Frameworks";
			runOnlyForDeploymentPostprocessing = 0;
		};
/* End PBXCopyFilesBuildPhase section */

/* Begin PBXFileReference section */
		03D0FCAC34B209EE27B34E58 /* Pods-hangmanUITests.debug.xcconfig */ = {isa = PBXFileReference; includeInIndex = 1; lastKnownFileType = text.xcconfig; name = "Pods-hangmanUITests.debug.xcconfig"; path = "Pods/Target Support Files/Pods-hangmanUITests/Pods-hangmanUITests.debug.xcconfig"; sourceTree = "<group>"; };
		18BDE2281F73E4192C842BB9 /* Pods-hangmanTests.debug.xcconfig */ = {isa = PBXFileReference; includeInIndex = 1; lastKnownFileType = text.xcconfig; name = "Pods-hangmanTests.debug.xcconfig"; path = "Pods/Target Support Files/Pods-hangmanTests/Pods-hangmanTests.debug.xcconfig"; sourceTree = "<group>"; };
		26748CEFABFD6B349BD8D4CD /* Pods-hangmanUITests.release.xcconfig */ = {isa = PBXFileReference; includeInIndex = 1; lastKnownFileType = text.xcconfig; name = "Pods-hangmanUITests.release.xcconfig"; path = "Pods/Target Support Files/Pods-hangmanUITests/Pods-hangmanUITests.release.xcconfig"; sourceTree = "<group>"; };
		2C699F531BDA2CCB00071B9A /* GameViewController.swift */ = {isa = PBXFileReference; fileEncoding = 4; lastKnownFileType = sourcecode.swift; path = GameViewController.swift; sourceTree = "<group>"; };
		2C91DC1D1BBE91160091E24F /* hangman.app */ = {isa = PBXFileReference; explicitFileType = wrapper.application; includeInIndex = 0; path = hangman.app; sourceTree = BUILT_PRODUCTS_DIR; };
		2C91DC201BBE91160091E24F /* AppDelegate.swift */ = {isa = PBXFileReference; lastKnownFileType = sourcecode.swift; path = AppDelegate.swift; sourceTree = "<group>"; };
		2C91DC221BBE91160091E24F /* ViewController.swift */ = {isa = PBXFileReference; lastKnownFileType = sourcecode.swift; path = ViewController.swift; sourceTree = "<group>"; };
		2C91DC251BBE91160091E24F /* Base */ = {isa = PBXFileReference; lastKnownFileType = file.storyboard; name = Base; path = Base.lproj/Main.storyboard; sourceTree = "<group>"; };
		2C91DC271BBE91160091E24F /* Assets.xcassets */ = {isa = PBXFileReference; lastKnownFileType = folder.assetcatalog; path = Assets.xcassets; sourceTree = "<group>"; };
		2C91DC2A1BBE91160091E24F /* Base */ = {isa = PBXFileReference; lastKnownFileType = file.storyboard; name = Base; path = Base.lproj/LaunchScreen.storyboard; sourceTree = "<group>"; };
		2C91DC2C1BBE91160091E24F /* Info.plist */ = {isa = PBXFileReference; lastKnownFileType = text.plist.xml; path = Info.plist; sourceTree = "<group>"; };
		2C91DC311BBE91170091E24F /* hangmanTests.xctest */ = {isa = PBXFileReference; explicitFileType = wrapper.cfbundle; includeInIndex = 0; path = hangmanTests.xctest; sourceTree = BUILT_PRODUCTS_DIR; };
		2C91DC351BBE91170091E24F /* hangmanTests.swift */ = {isa = PBXFileReference; lastKnownFileType = sourcecode.swift; path = hangmanTests.swift; sourceTree = "<group>"; };
		2C91DC371BBE91170091E24F /* Info.plist */ = {isa = PBXFileReference; lastKnownFileType = text.plist.xml; path = Info.plist; sourceTree = "<group>"; };
		2C91DC3C1BBE91170091E24F /* hangmanUITests.xctest */ = {isa = PBXFileReference; explicitFileType = wrapper.cfbundle; includeInIndex = 0; path = hangmanUITests.xctest; sourceTree = BUILT_PRODUCTS_DIR; };
		2C91DC401BBE91170091E24F /* hangmanUITests.swift */ = {isa = PBXFileReference; lastKnownFileType = sourcecode.swift; path = hangmanUITests.swift; sourceTree = "<group>"; };
		2C91DC421BBE91170091E24F /* Info.plist */ = {isa = PBXFileReference; lastKnownFileType = text.plist.xml; path = Info.plist; sourceTree = "<group>"; };
		48D710B7A6B352CF22DAC208 /* Pods_hangman.framework */ = {isa = PBXFileReference; explicitFileType = wrapper.framework; includeInIndex = 0; path = Pods_hangman.framework; sourceTree = BUILT_PRODUCTS_DIR; };
		571AF1A6F60F2AC34D6B6C26 /* Pods_hangmanUITests.framework */ = {isa = PBXFileReference; explicitFileType = wrapper.framework; includeInIndex = 0; path = Pods_hangmanUITests.framework; sourceTree = BUILT_PRODUCTS_DIR; };
		61F8AB92053BA8D61A4BD228 /* Pods-hangman.debug.xcconfig */ = {isa = PBXFileReference; includeInIndex = 1; lastKnownFileType = text.xcconfig; name = "Pods-hangman.debug.xcconfig"; path = "Pods/Target Support Files/Pods-hangman/Pods-hangman.debug.xcconfig"; sourceTree = "<group>"; };
		B006654834433C723BAD451F /* Pods-hangman.release.xcconfig */ = {isa = PBXFileReference; includeInIndex = 1; lastKnownFileType = text.xcconfig; name = "Pods-hangman.release.xcconfig"; path = "Pods/Target Support Files/Pods-hangman/Pods-hangman.release.xcconfig"; sourceTree = "<group>"; };
		B2A3D7251BDBE3F10050CE84 /* hangman.png */ = {isa = PBXFileReference; lastKnownFileType = image.png; path = hangman.png; sourceTree = "<group>"; };
		C70C43463C12FD7B6EDBBA34 /* Pods-hangmanTests.release.xcconfig */ = {isa = PBXFileReference; includeInIndex = 1; lastKnownFileType = text.xcconfig; name = "Pods-hangmanTests.release.xcconfig"; path = "Pods/Target Support Files/Pods-hangmanTests/Pods-hangmanTests.release.xcconfig"; sourceTree = "<group>"; };
		DE554C38598388ACBD0426BC /* Pods_hangmanTests.framework */ = {isa = PBXFileReference; explicitFileType = wrapper.framework; includeInIndex = 0; path = Pods_hangmanTests.framework; sourceTree = BUILT_PRODUCTS_DIR; };
/* End PBXFileReference section */

/* Begin PBXFrameworksBuildPhase section */
		2C91DC1A1BBE91160091E24F /* Frameworks */ = {
			isa = PBXFrameworksBuildPhase;
			buildActionMask = 2147483647;
			files = (
				79791D01C94BC82F4F264139 /* Pods_hangman.framework in Frameworks */,
			);
			runOnlyForDeploymentPostprocessing = 0;
		};
		2C91DC2E1BBE91170091E24F /* Frameworks */ = {
			isa = PBXFrameworksBuildPhase;
			buildActionMask = 2147483647;
			files = (
				D2236FE40ED45FC6BA664EAD /* Pods_hangmanTests.framework in Frameworks */,
			);
			runOnlyForDeploymentPostprocessing = 0;
		};
		2C91DC391BBE91170091E24F /* Frameworks */ = {
			isa = PBXFrameworksBuildPhase;
			buildActionMask = 2147483647;
			files = (
				EF5E73CE38ADA0C52AC2A552 /* Pods_hangmanUITests.framework in Frameworks */,
			);
			runOnlyForDeploymentPostprocessing = 0;
		};
/* End PBXFrameworksBuildPhase section */

/* Begin PBXGroup section */
		2C91DC141BBE91160091E24F = {
			isa = PBXGroup;
			children = (
				2C91DC1F1BBE91160091E24F /* hangman */,
				2C91DC341BBE91170091E24F /* hangmanTests */,
				2C91DC3F1BBE91170091E24F /* hangmanUITests */,
				2C91DC1E1BBE91160091E24F /* Products */,
				A174E4D424F44390DA8384AF /* Pods */,
				84BE2304831B5541995E90F9 /* Frameworks */,
			);
			sourceTree = "<group>";
		};
		2C91DC1E1BBE91160091E24F /* Products */ = {
			isa = PBXGroup;
			children = (
				2C91DC1D1BBE91160091E24F /* hangman.app */,
				2C91DC311BBE91170091E24F /* hangmanTests.xctest */,
				2C91DC3C1BBE91170091E24F /* hangmanUITests.xctest */,
			);
			name = Products;
			sourceTree = "<group>";
		};
		2C91DC1F1BBE91160091E24F /* hangman */ = {
			isa = PBXGroup;
			children = (
				2C91DC201BBE91160091E24F /* AppDelegate.swift */,
				2C91DC221BBE91160091E24F /* ViewController.swift */,
				2C91DC241BBE91160091E24F /* Main.storyboard */,
				2C91DC271BBE91160091E24F /* Assets.xcassets */,
				2C91DC291BBE91160091E24F /* LaunchScreen.storyboard */,
				2C91DC2C1BBE91160091E24F /* Info.plist */,
				2C699F531BDA2CCB00071B9A /* GameViewController.swift */,
				B2A3D7251BDBE3F10050CE84 /* hangman.png */,
			);
			path = hangman;
			sourceTree = "<group>";
		};
		2C91DC341BBE91170091E24F /* hangmanTests */ = {
			isa = PBXGroup;
			children = (
				2C91DC351BBE91170091E24F /* hangmanTests.swift */,
				2C91DC371BBE91170091E24F /* Info.plist */,
			);
			path = hangmanTests;
			sourceTree = "<group>";
		};
		2C91DC3F1BBE91170091E24F /* hangmanUITests */ = {
			isa = PBXGroup;
			children = (
				2C91DC401BBE91170091E24F /* hangmanUITests.swift */,
				2C91DC421BBE91170091E24F /* Info.plist */,
			);
			path = hangmanUITests;
			sourceTree = "<group>";
		};
		84BE2304831B5541995E90F9 /* Frameworks */ = {
			isa = PBXGroup;
			children = (
				48D710B7A6B352CF22DAC208 /* Pods_hangman.framework */,
				DE554C38598388ACBD0426BC /* Pods_hangmanTests.framework */,
				571AF1A6F60F2AC34D6B6C26 /* Pods_hangmanUITests.framework */,
			);
			name = Frameworks;
			sourceTree = "<group>";
		};
		A174E4D424F44390DA8384AF /* Pods */ = {
			isa = PBXGroup;
			children = (
				61F8AB92053BA8D61A4BD228 /* Pods-hangman.debug.xcconfig */,
				B006654834433C723BAD451F /* Pods-hangman.release.xcconfig */,
				18BDE2281F73E4192C842BB9 /* Pods-hangmanTests.debug.xcconfig */,
				C70C43463C12FD7B6EDBBA34 /* Pods-hangmanTests.release.xcconfig */,
				03D0FCAC34B209EE27B34E58 /* Pods-hangmanUITests.debug.xcconfig */,
				26748CEFABFD6B349BD8D4CD /* Pods-hangmanUITests.release.xcconfig */,
			);
			name = Pods;
			sourceTree = "<group>";
		};
/* End PBXGroup section */

/* Begin PBXNativeTarget section */
		2C91DC1C1BBE91160091E24F /* hangman */ = {
			isa = PBXNativeTarget;
			buildConfigurationList = 2C91DC451BBE91170091E24F /* Build configuration list for PBXNativeTarget "hangman" */;
			buildPhases = (
				09917D9551475158B8256C5A /* [CP] Check Pods Manifest.lock */,
				2C91DC191BBE91160091E24F /* Sources */,
				2C91DC1A1BBE91160091E24F /* Frameworks */,
				2C91DC1B1BBE91160091E24F /* Resources */,
				B2F2A5811BDBD34400D842A4 /* Embed Frameworks */,
				CB38EACF686F5F8D1169E528 /* [CP] Embed Pods Frameworks */,
				9195FFDB8E66529CA93644E0 /* [CP] Copy Pods Resources */,
			);
			buildRules = (
			);
			dependencies = (
			);
			name = hangman;
			productName = hangman;
			productReference = 2C91DC1D1BBE91160091E24F /* hangman.app */;
			productType = "com.apple.product-type.application";
		};
		2C91DC301BBE91170091E24F /* hangmanTests */ = {
			isa = PBXNativeTarget;
			buildConfigurationList = 2C91DC481BBE91170091E24F /* Build configuration list for PBXNativeTarget "hangmanTests" */;
			buildPhases = (
				F8E32A695D4CD0ABF369216D /* [CP] Check Pods Manifest.lock */,
				2C91DC2D1BBE91170091E24F /* Sources */,
				2C91DC2E1BBE91170091E24F /* Frameworks */,
				2C91DC2F1BBE91170091E24F /* Resources */,
				65855CFBA4D95649D4A04CAB /* [CP] Embed Pods Frameworks */,
				38BDCF1B5F11417B87BDF92E /* [CP] Copy Pods Resources */,
			);
			buildRules = (
			);
			dependencies = (
				2C91DC331BBE91170091E24F /* PBXTargetDependency */,
			);
			name = hangmanTests;
			productName = hangmanTests;
			productReference = 2C91DC311BBE91170091E24F /* hangmanTests.xctest */;
			productType = "com.apple.product-type.bundle.unit-test";
		};
		2C91DC3B1BBE91170091E24F /* hangmanUITests */ = {
			isa = PBXNativeTarget;
			buildConfigurationList = 2C91DC4B1BBE91170091E24F /* Build configuration list for PBXNativeTarget "hangmanUITests" */;
			buildPhases = (
				9444A5FE15E461873B6DEB4D /* [CP] Check Pods Manifest.lock */,
				2C91DC381BBE91170091E24F /* Sources */,
				2C91DC391BBE91170091E24F /* Frameworks */,
				2C91DC3A1BBE91170091E24F /* Resources */,
				E7E0AF30808466E48CE17185 /* [CP] Embed Pods Frameworks */,
				613C6B8E93E5E01E18E2E0D1 /* [CP] Copy Pods Resources */,
			);
			buildRules = (
			);
			dependencies = (
				2C91DC3E1BBE91170091E24F /* PBXTargetDependency */,
			);
			name = hangmanUITests;
			productName = hangmanUITests;
			productReference = 2C91DC3C1BBE91170091E24F /* hangmanUITests.xctest */;
			productType = "com.apple.product-type.bundle.ui-testing";
		};
/* End PBXNativeTarget section */

/* Begin PBXProject section */
		2C91DC151BBE91160091E24F /* Project object */ = {
			isa = PBXProject;
			attributes = {
				LastUpgradeCheck = 0820;
				ORGANIZATIONNAME = BlackDragon;
				TargetAttributes = {
					2C91DC1C1BBE91160091E24F = {
						CreatedOnToolsVersion = 7.0;
						LastSwiftMigration = 0820;
					};
					2C91DC301BBE91170091E24F = {
						CreatedOnToolsVersion = 7.0;
						LastSwiftMigration = 0820;
						TestTargetID = 2C91DC1C1BBE91160091E24F;
					};
					2C91DC3B1BBE91170091E24F = {
						CreatedOnToolsVersion = 7.0;
						LastSwiftMigration = 0820;
						TestTargetID = 2C91DC1C1BBE91160091E24F;
					};
				};
			};
			buildConfigurationList = 2C91DC181BBE91160091E24F /* Build configuration list for PBXProject "hangman" */;
			compatibilityVersion = "Xcode 3.2";
			developmentRegion = English;
			hasScannedForEncodings = 0;
			knownRegions = (
				en,
				Base,
			);
			mainGroup = 2C91DC141BBE91160091E24F;
			productRefGroup = 2C91DC1E1BBE91160091E24F /* Products */;
			projectDirPath = "";
			projectRoot = "";
			targets = (
				2C91DC1C1BBE91160091E24F /* hangman */,
				2C91DC301BBE91170091E24F /* hangmanTests */,
				2C91DC3B1BBE91170091E24F /* hangmanUITests */,
			);
		};
/* End PBXProject section */

/* Begin PBXResourcesBuildPhase section */
		2C91DC1B1BBE91160091E24F /* Resources */ = {
			isa = PBXResourcesBuildPhase;
			buildActionMask = 2147483647;
			files = (
				2C91DC2B1BBE91160091E24F /* LaunchScreen.storyboard in Resources */,
				2C91DC281BBE91160091E24F /* Assets.xcassets in Resources */,
				2C91DC261BBE91160091E24F /* Main.storyboard in Resources */,
				B2A3D7261BDBE3F10050CE84 /* hangman.png in Resources */,
			);
			runOnlyForDeploymentPostprocessing = 0;
		};
		2C91DC2F1BBE91170091E24F /* Resources */ = {
			isa = PBXResourcesBuildPhase;
			buildActionMask = 2147483647;
			files = (
			);
			runOnlyForDeploymentPostprocessing = 0;
		};
		2C91DC3A1BBE91170091E24F /* Resources */ = {
			isa = PBXResourcesBuildPhase;
			buildActionMask = 2147483647;
			files = (
			);
			runOnlyForDeploymentPostprocessing = 0;
		};
/* End PBXResourcesBuildPhase section */

/* Begin PBXShellScriptBuildPhase section */
		09917D9551475158B8256C5A /* [CP] Check Pods Manifest.lock */ = {
			isa = PBXShellScriptBuildPhase;
			buildActionMask = 2147483647;
			files = (
			);
			inputPaths = (
			);
			name = "[CP] Check Pods Manifest.lock";
			outputPaths = (
			);
			runOnlyForDeploymentPostprocessing = 0;
			shellPath = /bin/sh;
			shellScript = "diff \"${PODS_ROOT}/../Podfile.lock\" \"${PODS_ROOT}/Manifest.lock\" > /dev/null\nif [ $? != 0 ] ; then\n    # print error to STDERR\n    echo \"error: The sandbox is not in sync with the Podfile.lock. Run 'pod install' or update your CocoaPods installation.\" >&2\n    exit 1\nfi\n";
			showEnvVarsInLog = 0;
		};
		38BDCF1B5F11417B87BDF92E /* [CP] Copy Pods Resources */ = {
			isa = PBXShellScriptBuildPhase;
			buildActionMask = 2147483647;
			files = (
			);
			inputPaths = (
			);
			name = "[CP] Copy Pods Resources";
			outputPaths = (
			);
			runOnlyForDeploymentPostprocessing = 0;
			shellPath = /bin/sh;
			shellScript = "\"${SRCROOT}/Pods/Target Support Files/Pods-hangmanTests/Pods-hangmanTests-resources.sh\"\n";
			showEnvVarsInLog = 0;
		};
		613C6B8E93E5E01E18E2E0D1 /* [CP] Copy Pods Resources */ = {
			isa = PBXShellScriptBuildPhase;
			buildActionMask = 2147483647;
			files = (
			);
			inputPaths = (
			);
			name = "[CP] Copy Pods Resources";
			outputPaths = (
			);
			runOnlyForDeploymentPostprocessing = 0;
			shellPath = /bin/sh;
			shellScript = "\"${SRCROOT}/Pods/Target Support Files/Pods-hangmanUITests/Pods-hangmanUITests-resources.sh\"\n";
			showEnvVarsInLog = 0;
		};
		65855CFBA4D95649D4A04CAB /* [CP] Embed Pods Frameworks */ = {
			isa = PBXShellScriptBuildPhase;
			buildActionMask = 2147483647;
			files = (
			);
			inputPaths = (
			);
			name = "[CP] Embed Pods Frameworks";
			outputPaths = (
			);
			runOnlyForDeploymentPostprocessing = 0;
			shellPath = /bin/sh;
			shellScript = "\"${SRCROOT}/Pods/Target Support Files/Pods-hangmanTests/Pods-hangmanTests-frameworks.sh\"\n";
			showEnvVarsInLog = 0;
		};
		9195FFDB8E66529CA93644E0 /* [CP] Copy Pods Resources */ = {
			isa = PBXShellScriptBuildPhase;
			buildActionMask = 2147483647;
			files = (
			);
			inputPaths = (
			);
			name = "[CP] Copy Pods Resources";
			outputPaths = (
			);
			runOnlyForDeploymentPostprocessing = 0;
			shellPath = /bin/sh;
			shellScript = "\"${SRCROOT}/Pods/Target Support Files/Pods-hangman/Pods-hangman-resources.sh\"\n";
			showEnvVarsInLog = 0;
		};
		9444A5FE15E461873B6DEB4D /* [CP] Check Pods Manifest.lock */ = {
			isa = PBXShellScriptBuildPhase;
			buildActionMask = 2147483647;
			files = (
			);
			inputPaths = (
			);
			name = "[CP] Check Pods Manifest.lock";
			outputPaths = (
			);
			runOnlyForDeploymentPostprocessing = 0;
			shellPath = /bin/sh;
			shellScript = "diff \"${PODS_ROOT}/../Podfile.lock\" \"${PODS_ROOT}/Manifest.lock\" > /dev/null\nif [ $? != 0 ] ; then\n    # print error to STDERR\n    echo \"error: The sandbox is not in sync with the Podfile.lock. Run 'pod install' or update your CocoaPods installation.\" >&2\n    exit 1\nfi\n";
			showEnvVarsInLog = 0;
		};
		CB38EACF686F5F8D1169E528 /* [CP] Embed Pods Frameworks */ = {
			isa = PBXShellScriptBuildPhase;
			buildActionMask = 2147483647;
			files = (
			);
			inputPaths = (
			);
			name = "[CP] Embed Pods Frameworks";
			outputPaths = (
			);
			runOnlyForDeploymentPostprocessing = 0;
			shellPath = /bin/sh;
			shellScript = "\"${SRCROOT}/Pods/Target Support Files/Pods-hangman/Pods-hangman-frameworks.sh\"\n";
			showEnvVarsInLog = 0;
		};
		E7E0AF30808466E48CE17185 /* [CP] Embed Pods Frameworks */ = {
			isa = PBXShellScriptBuildPhase;
			buildActionMask = 2147483647;
			files = (
			);
			inputPaths = (
			);
			name = "[CP] Embed Pods Frameworks";
			outputPaths = (
			);
			runOnlyForDeploymentPostprocessing = 0;
			shellPath = /bin/sh;
			shellScript = "\"${SRCROOT}/Pods/Target Support Files/Pods-hangmanUITests/Pods-hangmanUITests-frameworks.sh\"\n";
			showEnvVarsInLog = 0;
		};
		F8E32A695D4CD0ABF369216D /* [CP] Check Pods Manifest.lock */ = {
			isa = PBXShellScriptBuildPhase;
			buildActionMask = 2147483647;
			files = (
			);
			inputPaths = (
			);
			name = "[CP] Check Pods Manifest.lock";
			outputPaths = (
			);
			runOnlyForDeploymentPostprocessing = 0;
			shellPath = /bin/sh;
			shellScript = "diff \"${PODS_ROOT}/../Podfile.lock\" \"${PODS_ROOT}/Manifest.lock\" > /dev/null\nif [ $? != 0 ] ; then\n    # print error to STDERR\n    echo \"error: The sandbox is not in sync with the Podfile.lock. Run 'pod install' or update your CocoaPods installation.\" >&2\n    exit 1\nfi\n";
			showEnvVarsInLog = 0;
		};
/* End PBXShellScriptBuildPhase section */

/* Begin PBXSourcesBuildPhase section */
		2C91DC191BBE91160091E24F /* Sources */ = {
			isa = PBXSourcesBuildPhase;
			buildActionMask = 2147483647;
			files = (
				2C91DC231BBE91160091E24F /* ViewController.swift in Sources */,
				2C699F541BDA2CCB00071B9A /* GameViewController.swift in Sources */,
				2C91DC211BBE91160091E24F /* AppDelegate.swift in Sources */,
			);
			runOnlyForDeploymentPostprocessing = 0;
		};
		2C91DC2D1BBE91170091E24F /* Sources */ = {
			isa = PBXSourcesBuildPhase;
			buildActionMask = 2147483647;
			files = (
				2C91DC361BBE91170091E24F /* hangmanTests.swift in Sources */,
			);
			runOnlyForDeploymentPostprocessing = 0;
		};
		2C91DC381BBE91170091E24F /* Sources */ = {
			isa = PBXSourcesBuildPhase;
			buildActionMask = 2147483647;
			files = (
				2C91DC411BBE91170091E24F /* hangmanUITests.swift in Sources */,
			);
			runOnlyForDeploymentPostprocessing = 0;
		};
/* End PBXSourcesBuildPhase section */

/* Begin PBXTargetDependency section */
		2C91DC331BBE91170091E24F /* PBXTargetDependency */ = {
			isa = PBXTargetDependency;
			target = 2C91DC1C1BBE91160091E24F /* hangman */;
			targetProxy = 2C91DC321BBE91170091E24F /* PBXContainerItemProxy */;
		};
		2C91DC3E1BBE91170091E24F /* PBXTargetDependency */ = {
			isa = PBXTargetDependency;
			target = 2C91DC1C1BBE91160091E24F /* hangman */;
			targetProxy = 2C91DC3D1BBE91170091E24F /* PBXContainerItemProxy */;
		};
/* End PBXTargetDependency section */

/* Begin PBXVariantGroup section */
		2C91DC241BBE91160091E24F /* Main.storyboard */ = {
			isa = PBXVariantGroup;
			children = (
				2C91DC251BBE91160091E24F /* Base */,
			);
			name = Main.storyboard;
			sourceTree = "<group>";
		};
		2C91DC291BBE91160091E24F /* LaunchScreen.storyboard */ = {
			isa = PBXVariantGroup;
			children = (
				2C91DC2A1BBE91160091E24F /* Base */,
			);
			name = LaunchScreen.storyboard;
			sourceTree = "<group>";
		};
/* End PBXVariantGroup section */

/* Begin XCBuildConfiguration section */
		2C91DC431BBE91170091E24F /* Debug */ = {
			isa = XCBuildConfiguration;
			buildSettings = {
				ALWAYS_SEARCH_USER_PATHS = NO;
				CLANG_CXX_LANGUAGE_STANDARD = "gnu++0x";
				CLANG_CXX_LIBRARY = "libc++";
				CLANG_ENABLE_MODULES = YES;
				CLANG_ENABLE_OBJC_ARC = YES;
				CLANG_WARN_BOOL_CONVERSION = YES;
				CLANG_WARN_CONSTANT_CONVERSION = YES;
				CLANG_WARN_DIRECT_OBJC_ISA_USAGE = YES_ERROR;
				CLANG_WARN_EMPTY_BODY = YES;
				CLANG_WARN_ENUM_CONVERSION = YES;
				CLANG_WARN_INFINITE_RECURSION = YES;
				CLANG_WARN_INT_CONVERSION = YES;
				CLANG_WARN_OBJC_ROOT_CLASS = YES_ERROR;
				CLANG_WARN_SUSPICIOUS_MOVE = YES;
				CLANG_WARN_UNREACHABLE_CODE = YES;
				CLANG_WARN__DUPLICATE_METHOD_MATCH = YES;
				"CODE_SIGN_IDENTITY[sdk=iphoneos*]" = "iPhone Developer";
				COPY_PHASE_STRIP = NO;
				DEBUG_INFORMATION_FORMAT = dwarf;
				ENABLE_STRICT_OBJC_MSGSEND = YES;
				ENABLE_TESTABILITY = YES;
				GCC_C_LANGUAGE_STANDARD = gnu99;
				GCC_DYNAMIC_NO_PIC = NO;
				GCC_NO_COMMON_BLOCKS = YES;
				GCC_OPTIMIZATION_LEVEL = 0;
				GCC_PREPROCESSOR_DEFINITIONS = (
					"DEBUG=1",
					"$(inherited)",
				);
				GCC_WARN_64_TO_32_BIT_CONVERSION = YES;
				GCC_WARN_ABOUT_RETURN_TYPE = YES_ERROR;
				GCC_WARN_UNDECLARED_SELECTOR = YES;
				GCC_WARN_UNINITIALIZED_AUTOS = YES_AGGRESSIVE;
				GCC_WARN_UNUSED_FUNCTION = YES;
				GCC_WARN_UNUSED_VARIABLE = YES;
				IPHONEOS_DEPLOYMENT_TARGET = 9.0;
				MTL_ENABLE_DEBUG_INFO = YES;
				ONLY_ACTIVE_ARCH = YES;
				SDKROOT = iphoneos;
				SWIFT_OPTIMIZATION_LEVEL = "-Onone";
				TARGETED_DEVICE_FAMILY = "1,2";
			};
			name = Debug;
		};
		2C91DC441BBE91170091E24F /* Release */ = {
			isa = XCBuildConfiguration;
			buildSettings = {
				ALWAYS_SEARCH_USER_PATHS = NO;
				CLANG_CXX_LANGUAGE_STANDARD = "gnu++0x";
				CLANG_CXX_LIBRARY = "libc++";
				CLANG_ENABLE_MODULES = YES;
				CLANG_ENABLE_OBJC_ARC = YES;
				CLANG_WARN_BOOL_CONVERSION = YES;
				CLANG_WARN_CONSTANT_CONVERSION = YES;
				CLANG_WARN_DIRECT_OBJC_ISA_USAGE = YES_ERROR;
				CLANG_WARN_EMPTY_BODY = YES;
				CLANG_WARN_ENUM_CONVERSION = YES;
				CLANG_WARN_INFINITE_RECURSION = YES;
				CLANG_WARN_INT_CONVERSION = YES;
				CLANG_WARN_OBJC_ROOT_CLASS = YES_ERROR;
				CLANG_WARN_SUSPICIOUS_MOVE = YES;
				CLANG_WARN_UNREACHABLE_CODE = YES;
				CLANG_WARN__DUPLICATE_METHOD_MATCH = YES;
				"CODE_SIGN_IDENTITY[sdk=iphoneos*]" = "iPhone Developer";
				COPY_PHASE_STRIP = NO;
				DEBUG_INFORMATION_FORMAT = "dwarf-with-dsym";
				ENABLE_NS_ASSERTIONS = NO;
				ENABLE_STRICT_OBJC_MSGSEND = YES;
				GCC_C_LANGUAGE_STANDARD = gnu99;
				GCC_NO_COMMON_BLOCKS = YES;
				GCC_WARN_64_TO_32_BIT_CONVERSION = YES;
				GCC_WARN_ABOUT_RETURN_TYPE = YES_ERROR;
				GCC_WARN_UNDECLARED_SELECTOR = YES;
				GCC_WARN_UNINITIALIZED_AUTOS = YES_AGGRESSIVE;
				GCC_WARN_UNUSED_FUNCTION = YES;
				GCC_WARN_UNUSED_VARIABLE = YES;
				IPHONEOS_DEPLOYMENT_TARGET = 9.0;
				MTL_ENABLE_DEBUG_INFO = NO;
				SDKROOT = iphoneos;
				SWIFT_OPTIMIZATION_LEVEL = "-Owholemodule";
				TARGETED_DEVICE_FAMILY = "1,2";
				VALIDATE_PRODUCT = YES;
			};
			name = Release;
		};
		2C91DC461BBE91170091E24F /* Debug */ = {
			isa = XCBuildConfiguration;
			baseConfigurationReference = 61F8AB92053BA8D61A4BD228 /* Pods-hangman.debug.xcconfig */;
			buildSettings = {
				ALWAYS_EMBED_SWIFT_STANDARD_LIBRARIES = YES;
				ASSETCATALOG_COMPILER_APPICON_NAME = AppIcon;
				INFOPLIST_FILE = hangman/Info.plist;
				LD_RUNPATH_SEARCH_PATHS = "$(inherited) @executable_path/Frameworks";
				PRODUCT_BUNDLE_IDENTIFIER = blackdragon.hangman;
				PRODUCT_NAME = "$(TARGET_NAME)";
				SWIFT_VERSION = 3.0;
			};
			name = Debug;
		};
		2C91DC471BBE91170091E24F /* Release */ = {
			isa = XCBuildConfiguration;
			baseConfigurationReference = B006654834433C723BAD451F /* Pods-hangman.release.xcconfig */;
			buildSettings = {
				ALWAYS_EMBED_SWIFT_STANDARD_LIBRARIES = YES;
				ASSETCATALOG_COMPILER_APPICON_NAME = AppIcon;
				INFOPLIST_FILE = hangman/Info.plist;
				LD_RUNPATH_SEARCH_PATHS = "$(inherited) @executable_path/Frameworks";
				PRODUCT_BUNDLE_IDENTIFIER = blackdragon.hangman;
				PRODUCT_NAME = "$(TARGET_NAME)";
				SWIFT_VERSION = 3.0;
			};
			name = Release;
		};
		2C91DC491BBE91170091E24F /* Debug */ = {
			isa = XCBuildConfiguration;
			baseConfigurationReference = 18BDE2281F73E4192C842BB9 /* Pods-hangmanTests.debug.xcconfig */;
			buildSettings = {
				BUNDLE_LOADER = "$(TEST_HOST)";
				INFOPLIST_FILE = hangmanTests/Info.plist;
				LD_RUNPATH_SEARCH_PATHS = "$(inherited) @executable_path/Frameworks @loader_path/Frameworks";
				PRODUCT_BUNDLE_IDENTIFIER = blackdragon.hangmanTests;
				PRODUCT_NAME = "$(TARGET_NAME)";
				SWIFT_VERSION = 3.0;
				TEST_HOST = "$(BUILT_PRODUCTS_DIR)/hangman.app/hangman";
			};
			name = Debug;
		};
		2C91DC4A1BBE91170091E24F /* Release */ = {
			isa = XCBuildConfiguration;
			baseConfigurationReference = C70C43463C12FD7B6EDBBA34 /* Pods-hangmanTests.release.xcconfig */;
			buildSettings = {
				BUNDLE_LOADER = "$(TEST_HOST)";
				INFOPLIST_FILE = hangmanTests/Info.plist;
				LD_RUNPATH_SEARCH_PATHS = "$(inherited) @executable_path/Frameworks @loader_path/Frameworks";
				PRODUCT_BUNDLE_IDENTIFIER = blackdragon.hangmanTests;
				PRODUCT_NAME = "$(TARGET_NAME)";
				SWIFT_VERSION = 3.0;
				TEST_HOST = "$(BUILT_PRODUCTS_DIR)/hangman.app/hangman";
			};
			name = Release;
		};
		2C91DC4C1BBE91170091E24F /* Debug */ = {
			isa = XCBuildConfiguration;
			baseConfigurationReference = 03D0FCAC34B209EE27B34E58 /* Pods-hangmanUITests.debug.xcconfig */;
			buildSettings = {
				INFOPLIST_FILE = hangmanUITests/Info.plist;
				LD_RUNPATH_SEARCH_PATHS = "$(inherited) @executable_path/Frameworks @loader_path/Frameworks";
				PRODUCT_BUNDLE_IDENTIFIER = blackdragon.hangmanUITests;
				PRODUCT_NAME = "$(TARGET_NAME)";
				SWIFT_VERSION = 3.0;
				TEST_TARGET_NAME = hangman;
				USES_XCTRUNNER = YES;
			};
			name = Debug;
		};
		2C91DC4D1BBE91170091E24F /* Release */ = {
			isa = XCBuildConfiguration;
			baseConfigurationReference = 26748CEFABFD6B349BD8D4CD /* Pods-hangmanUITests.release.xcconfig */;
			buildSettings = {
				INFOPLIST_FILE = hangmanUITests/Info.plist;
				LD_RUNPATH_SEARCH_PATHS = "$(inherited) @executable_path/Frameworks @loader_path/Frameworks";
				PRODUCT_BUNDLE_IDENTIFIER = blackdragon.hangmanUITests;
				PRODUCT_NAME = "$(TARGET_NAME)";
				SWIFT_VERSION = 3.0;
				TEST_TARGET_NAME = hangman;
				USES_XCTRUNNER = YES;
			};
			name = Release;
		};
/* End XCBuildConfiguration section */

/* Begin XCConfigurationList section */
		2C91DC181BBE91160091E24F /* Build configuration list for PBXProject "hangman" */ = {
			isa = XCConfigurationList;
			buildConfigurations = (
				2C91DC431BBE91170091E24F /* Debug */,
				2C91DC441BBE91170091E24F /* Release */,
			);
			defaultConfigurationIsVisible = 0;
			defaultConfigurationName = Release;
		};
		2C91DC451BBE91170091E24F /* Build configuration list for PBXNativeTarget "hangman" */ = {
			isa = XCConfigurationList;
			buildConfigurations = (
				2C91DC461BBE91170091E24F /* Debug */,
				2C91DC471BBE91170091E24F /* Release */,
			);
			defaultConfigurationIsVisible = 0;
			defaultConfigurationName = Release;
		};
		2C91DC481BBE91170091E24F /* Build configuration list for PBXNativeTarget "hangmanTests" */ = {
			isa = XCConfigurationList;
			buildConfigurations = (
				2C91DC491BBE91170091E24F /* Debug */,
				2C91DC4A1BBE91170091E24F /* Release */,
			);
			defaultConfigurationIsVisible = 0;
			defaultConfigurationName = Release;
		};
		2C91DC4B1BBE91170091E24F /* Build configuration list for PBXNativeTarget "hangmanUITests" */ = {
			isa = XCConfigurationList;
			buildConfigurations = (
				2C91DC4C1BBE91170091E24F /* Debug */,
				2C91DC4D1BBE91170091E24F /* Release */,
			);
			defaultConfigurationIsVisible = 0;
			defaultConfigurationName = Release;
		};
/* End XCConfigurationList section */
	};
	rootObject = 2C91DC151BBE91160091E24F /* Project object */;
}
